// !$*UTF8*$!
{
	archiveVersion = 1;
	classes = {
	};
	objectVersion = 55;
	objects = {

/* Begin PBXBuildFile section */
		B529042F27E47548004C280C /* PhotoCell.swift in Sources */ = {isa = PBXBuildFile; fileRef = B529042E27E47548004C280C /* PhotoCell.swift */; };
		B556C90827ECED3500313E8F /* LaunchScreen.storyboard in Resources */ = {isa = PBXBuildFile; fileRef = B556C90A27ECED3500313E8F /* LaunchScreen.storyboard */; };
		B5CC308527E484130087A85A /* Photo.swift in Sources */ = {isa = PBXBuildFile; fileRef = B5CC308427E484130087A85A /* Photo.swift */; };
		B5CC308E27E496D40087A85A /* SDWebImage in Frameworks */ = {isa = PBXBuildFile; productRef = B5CC308D27E496D40087A85A /* SDWebImage */; };
		B5CC309027E4B4320087A85A /* PhotoDetail.swift in Sources */ = {isa = PBXBuildFile; fileRef = B5CC308F27E4B4320087A85A /* PhotoDetail.swift */; };
		B5E2C90327E25D46002F4FF8 /* AppDelegate.swift in Sources */ = {isa = PBXBuildFile; fileRef = B5E2C90227E25D46002F4FF8 /* AppDelegate.swift */; };
		B5E2C90527E25D46002F4FF8 /* SceneDelegate.swift in Sources */ = {isa = PBXBuildFile; fileRef = B5E2C90427E25D46002F4FF8 /* SceneDelegate.swift */; };
		B5E2C90727E25D46002F4FF8 /* PhotoCloud.swift in Sources */ = {isa = PBXBuildFile; fileRef = B5E2C90627E25D46002F4FF8 /* PhotoCloud.swift */; };
		B5E2C90A27E25D46002F4FF8 /* Main.storyboard in Resources */ = {isa = PBXBuildFile; fileRef = B5E2C90827E25D46002F4FF8 /* Main.storyboard */; };
		B5E2C90C27E25D48002F4FF8 /* Assets.xcassets in Resources */ = {isa = PBXBuildFile; fileRef = B5E2C90B27E25D48002F4FF8 /* Assets.xcassets */; };
/* End PBXBuildFile section */

/* Begin PBXFileReference section */
		B529042E27E47548004C280C /* PhotoCell.swift */ = {isa = PBXFileReference; lastKnownFileType = sourcecode.swift; path = PhotoCell.swift; sourceTree = "<group>"; };
		B556C90927ECED3500313E8F /* Base */ = {isa = PBXFileReference; lastKnownFileType = file.storyboard; name = Base; path = Base.lproj/LaunchScreen.storyboard; sourceTree = "<group>"; };
		B5CC308427E484130087A85A /* Photo.swift */ = {isa = PBXFileReference; lastKnownFileType = sourcecode.swift; path = Photo.swift; sourceTree = "<group>"; };
		B5CC308F27E4B4320087A85A /* PhotoDetail.swift */ = {isa = PBXFileReference; lastKnownFileType = sourcecode.swift; path = PhotoDetail.swift; sourceTree = "<group>"; };
		B5E2C8FF27E25D46002F4FF8 /* PhotoCloud.app */ = {isa = PBXFileReference; explicitFileType = wrapper.application; includeInIndex = 0; path = PhotoCloud.app; sourceTree = BUILT_PRODUCTS_DIR; };
		B5E2C90227E25D46002F4FF8 /* AppDelegate.swift */ = {isa = PBXFileReference; lastKnownFileType = sourcecode.swift; path = AppDelegate.swift; sourceTree = "<group>"; };
		B5E2C90427E25D46002F4FF8 /* SceneDelegate.swift */ = {isa = PBXFileReference; lastKnownFileType = sourcecode.swift; path = SceneDelegate.swift; sourceTree = "<group>"; };
		B5E2C90627E25D46002F4FF8 /* PhotoCloud.swift */ = {isa = PBXFileReference; lastKnownFileType = sourcecode.swift; path = PhotoCloud.swift; sourceTree = "<group>"; };
		B5E2C90927E25D46002F4FF8 /* Base */ = {isa = PBXFileReference; lastKnownFileType = file.storyboard; name = Base; path = Base.lproj/Main.storyboard; sourceTree = "<group>"; };
		B5E2C90B27E25D48002F4FF8 /* Assets.xcassets */ = {isa = PBXFileReference; lastKnownFileType = folder.assetcatalog; path = Assets.xcassets; sourceTree = "<group>"; };
		B5E2C91027E25D48002F4FF8 /* Info.plist */ = {isa = PBXFileReference; lastKnownFileType = text.plist.xml; path = Info.plist; sourceTree = "<group>"; };
/* End PBXFileReference section */

/* Begin PBXFrameworksBuildPhase section */
		B5E2C8FC27E25D46002F4FF8 /* Frameworks */ = {
			isa = PBXFrameworksBuildPhase;
			buildActionMask = 2147483647;
			files = (
				B5CC308E27E496D40087A85A /* SDWebImage in Frameworks */,
			);
			runOnlyForDeploymentPostprocessing = 0;
		};
/* End PBXFrameworksBuildPhase section */

/* Begin PBXGroup section */
		B5E2C8F627E25D46002F4FF8 = {
			isa = PBXGroup;
			children = (
				B5E2C90127E25D46002F4FF8 /* PhotoCloud */,
				B5E2C90027E25D46002F4FF8 /* Products */,
			);
			sourceTree = "<group>";
		};
		B5E2C90027E25D46002F4FF8 /* Products */ = {
			isa = PBXGroup;
			children = (
				B5E2C8FF27E25D46002F4FF8 /* PhotoCloud.app */,
			);
			name = Products;
			sourceTree = "<group>";
		};
		B5E2C90127E25D46002F4FF8 /* PhotoCloud */ = {
			isa = PBXGroup;
			children = (
				B5E2C90B27E25D48002F4FF8 /* Assets.xcassets */,
				B5E2C90227E25D46002F4FF8 /* AppDelegate.swift */,
				B5E2C91027E25D48002F4FF8 /* Info.plist */,
				B5E2C90827E25D46002F4FF8 /* Main.storyboard */,
				B556C90A27ECED3500313E8F /* LaunchScreen.storyboard */,
				B5CC308427E484130087A85A /* Photo.swift */,
				B5E2C90627E25D46002F4FF8 /* PhotoCloud.swift */,
				B529042E27E47548004C280C /* PhotoCell.swift */,
				B5CC308F27E4B4320087A85A /* PhotoDetail.swift */,
				B5E2C90427E25D46002F4FF8 /* SceneDelegate.swift */,
			);
			path = PhotoCloud;
			sourceTree = "<group>";
		};
/* End PBXGroup section */

/* Begin PBXNativeTarget section */
		B5E2C8FE27E25D46002F4FF8 /* PhotoCloud */ = {
			isa = PBXNativeTarget;
			buildConfigurationList = B5E2C91327E25D48002F4FF8 /* Build configuration list for PBXNativeTarget "PhotoCloud" */;
			buildPhases = (
				B5E2C8FB27E25D46002F4FF8 /* Sources */,
				B5E2C8FC27E25D46002F4FF8 /* Frameworks */,
				B5E2C8FD27E25D46002F4FF8 /* Resources */,
			);
			buildRules = (
			);
			dependencies = (
			);
			name = PhotoCloud;
			packageProductDependencies = (
				B5CC308D27E496D40087A85A /* SDWebImage */,
			);
			productName = PhotoCloud;
			productReference = B5E2C8FF27E25D46002F4FF8 /* PhotoCloud.app */;
			productType = "com.apple.product-type.application";
		};
/* End PBXNativeTarget section */

/* Begin PBXProject section */
		B5E2C8F727E25D46002F4FF8 /* Project object */ = {
			isa = PBXProject;
			attributes = {
				BuildIndependentTargetsInParallel = 1;
				LastSwiftUpdateCheck = 1320;
				LastUpgradeCheck = 1320;
				TargetAttributes = {
					B5E2C8FE27E25D46002F4FF8 = {
						CreatedOnToolsVersion = 13.2.1;
					};
				};
			};
			buildConfigurationList = B5E2C8FA27E25D46002F4FF8 /* Build configuration list for PBXProject "PhotoCloud" */;
			compatibilityVersion = "Xcode 13.0";
			developmentRegion = en;
			hasScannedForEncodings = 0;
			knownRegions = (
				en,
				Base,
			);
			mainGroup = B5E2C8F627E25D46002F4FF8;
			packageReferences = (
				B5CC308C27E496D40087A85A /* XCRemoteSwiftPackageReference "SDWebImage" */,
			);
			productRefGroup = B5E2C90027E25D46002F4FF8 /* Products */;
			projectDirPath = "";
			projectRoot = "";
			targets = (
				B5E2C8FE27E25D46002F4FF8 /* PhotoCloud */,
			);
		};
/* End PBXProject section */

/* Begin PBXResourcesBuildPhase section */
		B5E2C8FD27E25D46002F4FF8 /* Resources */ = {
			isa = PBXResourcesBuildPhase;
			buildActionMask = 2147483647;
			files = (
				B556C90827ECED3500313E8F /* LaunchScreen.storyboard in Resources */,
				B5E2C90C27E25D48002F4FF8 /* Assets.xcassets in Resources */,
				B5E2C90A27E25D46002F4FF8 /* Main.storyboard in Resources */,
			);
			runOnlyForDeploymentPostprocessing = 0;
		};
/* End PBXResourcesBuildPhase section */

/* Begin PBXSourcesBuildPhase section */
		B5E2C8FB27E25D46002F4FF8 /* Sources */ = {
			isa = PBXSourcesBuildPhase;
			buildActionMask = 2147483647;
			files = (
				B529042F27E47548004C280C /* PhotoCell.swift in Sources */,
				B5E2C90727E25D46002F4FF8 /* PhotoCloud.swift in Sources */,
				B5E2C90327E25D46002F4FF8 /* AppDelegate.swift in Sources */,
				B5CC309027E4B4320087A85A /* PhotoDetail.swift in Sources */,
				B5E2C90527E25D46002F4FF8 /* SceneDelegate.swift in Sources */,
				B5CC308527E484130087A85A /* Photo.swift in Sources */,
			);
			runOnlyForDeploymentPostprocessing = 0;
		};
/* End PBXSourcesBuildPhase section */

/* Begin PBXVariantGroup section */
		B556C90A27ECED3500313E8F /* LaunchScreen.storyboard */ = {
			isa = PBXVariantGroup;
			children = (
				B556C90927ECED3500313E8F /* Base */,
			);
			name = LaunchScreen.storyboard;
			sourceTree = "<group>";
		};
		B5E2C90827E25D46002F4FF8 /* Main.storyboard */ = {
			isa = PBXVariantGroup;
			children = (
				B5E2C90927E25D46002F4FF8 /* Base */,
			);
			name = Main.storyboard;
			sourceTree = "<group>";
		};
/* End PBXVariantGroup section */

/* Begin XCBuildConfiguration section */
		B5E2C91127E25D48002F4FF8 /* Debug */ = {
			isa = XCBuildConfiguration;
			buildSettings = {
				ALWAYS_SEARCH_USER_PATHS = NO;
				CLANG_ANALYZER_NONNULL = YES;
				CLANG_ANALYZER_NUMBER_OBJECT_CONVERSION = YES_AGGRESSIVE;
				CLANG_CXX_LANGUAGE_STANDARD = "gnu++17";
				CLANG_CXX_LIBRARY = "libc++";
				CLANG_ENABLE_MODULES = YES;
				CLANG_ENABLE_OBJC_ARC = YES;
				CLANG_ENABLE_OBJC_WEAK = YES;
				CLANG_WARN_BLOCK_CAPTURE_AUTORELEASING = YES;
				CLANG_WARN_BOOL_CONVERSION = YES;
				CLANG_WARN_COMMA = YES;
				CLANG_WARN_CONSTANT_CONVERSION = YES;
				CLANG_WARN_DEPRECATED_OBJC_IMPLEMENTATIONS = YES;
				CLANG_WARN_DIRECT_OBJC_ISA_USAGE = YES_ERROR;
				CLANG_WARN_DOCUMENTATION_COMMENTS = YES;
				CLANG_WARN_EMPTY_BODY = YES;
				CLANG_WARN_ENUM_CONVERSION = YES;
				CLANG_WARN_INFINITE_RECURSION = YES;
				CLANG_WARN_INT_CONVERSION = YES;
				CLANG_WARN_NON_LITERAL_NULL_CONVERSION = YES;
				CLANG_WARN_OBJC_IMPLICIT_RETAIN_SELF = YES;
				CLANG_WARN_OBJC_LITERAL_CONVERSION = YES;
				CLANG_WARN_OBJC_ROOT_CLASS = YES_ERROR;
				CLANG_WARN_QUOTED_INCLUDE_IN_FRAMEWORK_HEADER = YES;
				CLANG_WARN_RANGE_LOOP_ANALYSIS = YES;
				CLANG_WARN_STRICT_PROTOTYPES = YES;
				CLANG_WARN_SUSPICIOUS_MOVE = YES;
				CLANG_WARN_UNGUARDED_AVAILABILITY = YES_AGGRESSIVE;
				CLANG_WARN_UNREACHABLE_CODE = YES;
				CLANG_WARN__DUPLICATE_METHOD_MATCH = YES;
				COPY_PHASE_STRIP = NO;
				DEBUG_INFORMATION_FORMAT = dwarf;
				ENABLE_STRICT_OBJC_MSGSEND = YES;
				ENABLE_TESTABILITY = YES;
				GCC_C_LANGUAGE_STANDARD = gnu11;
				GCC_DYNAMIC_NO_PIC = NO;
				GCC_NO_COMMON_BLOCKS = YES;
				GCC_OPTIMIZATION_LEVEL = 0;
				GCC_PREPROCESSOR_DEFINITIONS = (
					"DEBUG=1",
					"$(inherited)",
				);
				GCC_WARN_64_TO_32_BIT_CONVERSION = YES;
				GCC_WARN_ABOUT_RETURN_TYPE = YES_ERROR;
				GCC_WARN_UNDECLARED_SELECTOR = YES;
				GCC_WARN_UNINITIALIZED_AUTOS = YES_AGGRESSIVE;
				GCC_WARN_UNUSED_FUNCTION = YES;
				GCC_WARN_UNUSED_VARIABLE = YES;
				IPHONEOS_DEPLOYMENT_TARGET = 13.0;
				MTL_ENABLE_DEBUG_INFO = INCLUDE_SOURCE;
				MTL_FAST_MATH = YES;
				ONLY_ACTIVE_ARCH = YES;
				SDKROOT = iphoneos;
				SWIFT_ACTIVE_COMPILATION_CONDITIONS = DEBUG;
				SWIFT_OPTIMIZATION_LEVEL = "-Onone";
			};
			name = Debug;
		};
		B5E2C91227E25D48002F4FF8 /* Release */ = {
			isa = XCBuildConfiguration;
			buildSettings = {
				ALWAYS_SEARCH_USER_PATHS = NO;
				CLANG_ANALYZER_NONNULL = YES;
				CLANG_ANALYZER_NUMBER_OBJECT_CONVERSION = YES_AGGRESSIVE;
				CLANG_CXX_LANGUAGE_STANDARD = "gnu++17";
				CLANG_CXX_LIBRARY = "libc++";
				CLANG_ENABLE_MODULES = YES;
				CLANG_ENABLE_OBJC_ARC = YES;
				CLANG_ENABLE_OBJC_WEAK = YES;
				CLANG_WARN_BLOCK_CAPTURE_AUTORELEASING = YES;
				CLANG_WARN_BOOL_CONVERSION = YES;
				CLANG_WARN_COMMA = YES;
				CLANG_WARN_CONSTANT_CONVERSION = YES;
				CLANG_WARN_DEPRECATED_OBJC_IMPLEMENTATIONS = YES;
				CLANG_WARN_DIRECT_OBJC_ISA_USAGE = YES_ERROR;
				CLANG_WARN_DOCUMENTATION_COMMENTS = YES;
				CLANG_WARN_EMPTY_BODY = YES;
				CLANG_WARN_ENUM_CONVERSION = YES;
				CLANG_WARN_INFINITE_RECURSION = YES;
				CLANG_WARN_INT_CONVERSION = YES;
				CLANG_WARN_NON_LITERAL_NULL_CONVERSION = YES;
				CLANG_WARN_OBJC_IMPLICIT_RETAIN_SELF = YES;
				CLANG_WARN_OBJC_LITERAL_CONVERSION = YES;
				CLANG_WARN_OBJC_ROOT_CLASS = YES_ERROR;
				CLANG_WARN_QUOTED_INCLUDE_IN_FRAMEWORK_HEADER = YES;
				CLANG_WARN_RANGE_LOOP_ANALYSIS = YES;
				CLANG_WARN_STRICT_PROTOTYPES = YES;
				CLANG_WARN_SUSPICIOUS_MOVE = YES;
				CLANG_WARN_UNGUARDED_AVAILABILITY = YES_AGGRESSIVE;
				CLANG_WARN_UNREACHABLE_CODE = YES;
				CLANG_WARN__DUPLICATE_METHOD_MATCH = YES;
				COPY_PHASE_STRIP = NO;
				DEBUG_INFORMATION_FORMAT = "dwarf-with-dsym";
				ENABLE_NS_ASSERTIONS = NO;
				ENABLE_STRICT_OBJC_MSGSEND = YES;
				GCC_C_LANGUAGE_STANDARD = gnu11;
				GCC_NO_COMMON_BLOCKS = YES;
				GCC_WARN_64_TO_32_BIT_CONVERSION = YES;
				GCC_WARN_ABOUT_RETURN_TYPE = YES_ERROR;
				GCC_WARN_UNDECLARED_SELECTOR = YES;
				GCC_WARN_UNINITIALIZED_AUTOS = YES_AGGRESSIVE;
				GCC_WARN_UNUSED_FUNCTION = YES;
				GCC_WARN_UNUSED_VARIABLE = YES;
				IPHONEOS_DEPLOYMENT_TARGET = 13.0;
				MTL_ENABLE_DEBUG_INFO = NO;
				MTL_FAST_MATH = YES;
				SDKROOT = iphoneos;
				SWIFT_COMPILATION_MODE = wholemodule;
				SWIFT_OPTIMIZATION_LEVEL = "-O";
				VALIDATE_PRODUCT = YES;
			};
			name = Release;
		};
		B5E2C91427E25D48002F4FF8 /* Debug */ = {
			isa = XCBuildConfiguration;
			buildSettings = {
				ASSETCATALOG_COMPILER_APPICON_NAME = AppIcon;
				ASSETCATALOG_COMPILER_GLOBAL_ACCENT_COLOR_NAME = AccentColor;
				CODE_SIGN_STYLE = Automatic;
				CURRENT_PROJECT_VERSION = 1;
				DEVELOPMENT_TEAM = R66HPVWV57;
				GENERATE_INFOPLIST_FILE = YES;
				INFOPLIST_FILE = PhotoCloud/Info.plist;
				INFOPLIST_KEY_UIApplicationSupportsIndirectInputEvents = YES;
				INFOPLIST_KEY_UILaunchStoryboardName = LaunchScreen;
				INFOPLIST_KEY_UIMainStoryboardFile = Main;
				INFOPLIST_KEY_UISupportedInterfaceOrientations = UIInterfaceOrientationPortrait;
				INFOPLIST_KEY_UISupportedInterfaceOrientations_iPad = "UIInterfaceOrientationPortrait UIInterfaceOrientationPortraitUpsideDown UIInterfaceOrientationLandscapeLeft UIInterfaceOrientationLandscapeRight";
				INFOPLIST_KEY_UISupportedInterfaceOrientations_iPhone = "UIInterfaceOrientationPortrait UIInterfaceOrientationLandscapeLeft UIInterfaceOrientationLandscapeRight";
				IPHONEOS_DEPLOYMENT_TARGET = 13.0;
				LD_RUNPATH_SEARCH_PATHS = (
					"$(inherited)",
					"@executable_path/Frameworks",
				);
				MARKETING_VERSION = 1.0;
				PRODUCT_BUNDLE_IDENTIFIER = ru.kuznetsovka.PhotoCloud;
				PRODUCT_NAME = "$(TARGET_NAME)";
				SWIFT_EMIT_LOC_STRINGS = YES;
				SWIFT_VERSION = 5.0;
				TARGETED_DEVICE_FAMILY = 1;
			};
			name = Debug;
		};
		B5E2C91527E25D48002F4FF8 /* Release */ = {
			isa = XCBuildConfiguration;
			buildSettings = {
				ASSETCATALOG_COMPILER_APPICON_NAME = AppIcon;
				ASSETCATALOG_COMPILER_GLOBAL_ACCENT_COLOR_NAME = AccentColor;
				CODE_SIGN_STYLE = Automatic;
				CURRENT_PROJECT_VERSION = 1;
				DEVELOPMENT_TEAM = R66HPVWV57;
				GENERATE_INFOPLIST_FILE = YES;
				INFOPLIST_FILE = PhotoCloud/Info.plist;
				INFOPLIST_KEY_UIApplicationSupportsIndirectInputEvents = YES;
				INFOPLIST_KEY_UILaunchStoryboardName = LaunchScreen;
				INFOPLIST_KEY_UIMainStoryboardFile = Main;
				INFOPLIST_KEY_UISupportedInterfaceOrientations = UIInterfaceOrientationPortrait;
				INFOPLIST_KEY_UISupportedInterfaceOrientations_iPad = "UIInterfaceOrientationPortrait UIInterfaceOrientationPortraitUpsideDown UIInterfaceOrientationLandscapeLeft UIInterfaceOrientationLandscapeRight";
				INFOPLIST_KEY_UISupportedInterfaceOrientations_iPhone = "UIInterfaceOrientationPortrait UIInterfaceOrientationLandscapeLeft UIInterfaceOrientationLandscapeRight";
				IPHONEOS_DEPLOYMENT_TARGET = 13.0;
				LD_RUNPATH_SEARCH_PATHS = (
					"$(inherited)",
					"@executable_path/Frameworks",
				);
				MARKETING_VERSION = 1.0;
				PRODUCT_BUNDLE_IDENTIFIER = ru.kuznetsovka.PhotoCloud;
				PRODUCT_NAME = "$(TARGET_NAME)";
				SWIFT_EMIT_LOC_STRINGS = YES;
				SWIFT_VERSION = 5.0;
				TARGETED_DEVICE_FAMILY = 1;
			};
			name = Release;
		};
/* End XCBuildConfiguration section */

/* Begin XCConfigurationList section */
		B5E2C8FA27E25D46002F4FF8 /* Build configuration list for PBXProject "PhotoCloud" */ = {
			isa = XCConfigurationList;
			buildConfigurations = (
				B5E2C91127E25D48002F4FF8 /* Debug */,
				B5E2C91227E25D48002F4FF8 /* Release */,
			);
			defaultConfigurationIsVisible = 0;
			defaultConfigurationName = Release;
		};
		B5E2C91327E25D48002F4FF8 /* Build configuration list for PBXNativeTarget "PhotoCloud" */ = {
			isa = XCConfigurationList;
			buildConfigurations = (
				B5E2C91427E25D48002F4FF8 /* Debug */,
				B5E2C91527E25D48002F4FF8 /* Release */,
			);
			defaultConfigurationIsVisible = 0;
			defaultConfigurationName = Release;
		};
/* End XCConfigurationList section */

/* Begin XCRemoteSwiftPackageReference section */
		B5CC308C27E496D40087A85A /* XCRemoteSwiftPackageReference "SDWebImage" */ = {
			isa = XCRemoteSwiftPackageReference;
			repositoryURL = "https://github.com/SDWebImage/SDWebImage";
			requirement = {
				branch = master;
				kind = branch;
			};
		};
/* End XCRemoteSwiftPackageReference section */

/* Begin XCSwiftPackageProductDependency section */
		B5CC308D27E496D40087A85A /* SDWebImage */ = {
			isa = XCSwiftPackageProductDependency;
			package = B5CC308C27E496D40087A85A /* XCRemoteSwiftPackageReference "SDWebImage" */;
			productName = SDWebImage;
		};
/* End XCSwiftPackageProductDependency section */
	};
	rootObject = B5E2C8F727E25D46002F4FF8 /* Project object */;
}
